
Microsoft Visual Studio Solution File, Format Version 12.00
# Visual Studio 2012
Project("{FAE04EC0-301F-11D3-BF4B-00C04F79EFBC}") = "BusStopService", "BusStopService\BusStopService.csproj", "{DD4FDA6B-FEF3-4247-ADF1-77E190D06595}"
EndProject
Project("{FAE04EC0-301F-11D3-BF4B-00C04F79EFBC}") = "BusStopServiceTests", "BusStopServiceTests\BusStopServiceTests.csproj", "{D516B32F-64AB-4940-9A4B-113443C6516C}"
EndProject
Global
	GlobalSection(SolutionConfigurationPlatforms) = preSolution
		Debug|Any CPU = Debug|Any CPU
		Release|Any CPU = Release|Any CPU
	EndGlobalSection
	GlobalSection(ProjectConfigurationPlatforms) = postSolution
		{DD4FDA6B-FEF3-4247-ADF1-77E190D06595}.Debug|Any CPU.ActiveCfg = Debug|Any CPU
		{DD4FDA6B-FEF3-4247-ADF1-77E190D06595}.Debug|Any CPU.Build.0 = Debug|Any CPU
		{DD4FDA6B-FEF3-4247-ADF1-77E190D06595}.Release|Any CPU.ActiveCfg = Release|Any CPU
		{DD4FDA6B-FEF3-4247-ADF1-77E190D06595}.Release|Any CPU.Build.0 = Release|Any CPU
		{D516B32F-64AB-4940-9A4B-113443C6516C}.Debug|Any CPU.ActiveCfg = Debug|Any CPU
		{D516B32F-64AB-4940-9A4B-113443C6516C}.Debug|Any CPU.Build.0 = Debug|Any CPU
		{D516B32F-64AB-4940-9A4B-113443C6516C}.Release|Any CPU.ActiveCfg = Release|Any CPU
		{D516B32F-64AB-4940-9A4B-113443C6516C}.Release|Any CPU.Build.0 = Release|Any CPU
	EndGlobalSection
EndGlobal
